
Microsoft Visual Studio Solution File, Format Version 12.00
# Visual Studio Version 16
VisualStudioVersion = 16.0.31019.35
MinimumVisualStudioVersion = 10.0.40219.1
Project("{FAE04EC0-301F-11D3-BF4B-00C04F79EFBC}") = "CommerceFrontEndSite", "CommerceFrontEndSite\CommerceFrontEndSite.csproj", "{B95E070C-BFCA-4091-B62B-5E151D3E8727}"
EndProject
Project("{FAE04EC0-301F-11D3-BF4B-00C04F79EFBC}") = "CommerceBackEndSite", "CommerceBackEndSite\CommerceBackEndSite.csproj", "{5BD202D4-2259-47EA-8952-C20F2D3A1616}"
EndProject
Global
	GlobalSection(SolutionConfigurationPlatforms) = preSolution
		Debug|Any CPU = Debug|Any CPU
		Release|Any CPU = Release|Any CPU
	EndGlobalSection
	GlobalSection(ProjectConfigurationPlatforms) = postSolution
		{B95E070C-BFCA-4091-B62B-5E151D3E8727}.Debug|Any CPU.ActiveCfg = Debug|Any CPU
		{B95E070C-BFCA-4091-B62B-5E151D3E8727}.Debug|Any CPU.Build.0 = Debug|Any CPU
		{B95E070C-BFCA-4091-B62B-5E151D3E8727}.Release|Any CPU.ActiveCfg = Release|Any CPU
		{B95E070C-BFCA-4091-B62B-5E151D3E8727}.Release|Any CPU.Build.0 = Release|Any CPU
		{5BD202D4-2259-47EA-8952-C20F2D3A1616}.Debug|Any CPU.ActiveCfg = Debug|Any CPU
		{5BD202D4-2259-47EA-8952-C20F2D3A1616}.Debug|Any CPU.Build.0 = Debug|Any CPU
		{5BD202D4-2259-47EA-8952-C20F2D3A1616}.Release|Any CPU.ActiveCfg = Release|Any CPU
		{5BD202D4-2259-47EA-8952-C20F2D3A1616}.Release|Any CPU.Build.0 = Release|Any CPU
	EndGlobalSection
	GlobalSection(SolutionProperties) = preSolution
		HideSolutionNode = FALSE
	EndGlobalSection
	GlobalSection(ExtensibilityGlobals) = postSolution
		SolutionGuid = {645EBEF8-4309-47A6-89FE-4AFE13CBE198}
	EndGlobalSection
EndGlobal
